
Microsoft Visual Studio Solution File, Format Version 12.00
# Visual Studio 15
VisualStudioVersion = 15.0.28307.705
MinimumVisualStudioVersion = 10.0.40219.1
Project("{FAE04EC0-301F-11D3-BF4B-00C04F79EFBC}") = "sPovtorami", "sPovtorami\sPovtorami.csproj", "{2AD196B6-910D-4C0E-91CE-B17B65AD19E9}"
EndProject
Global
	GlobalSection(SolutionConfigurationPlatforms) = preSolution
		Debug|Any CPU = Debug|Any CPU
		Release|Any CPU = Release|Any CPU
	EndGlobalSection
	GlobalSection(ProjectConfigurationPlatforms) = postSolution
		{2AD196B6-910D-4C0E-91CE-B17B65AD19E9}.Debug|Any CPU.ActiveCfg = Debug|Any CPU
		{2AD196B6-910D-4C0E-91CE-B17B65AD19E9}.Debug|Any CPU.Build.0 = Debug|Any CPU
		{2AD196B6-910D-4C0E-91CE-B17B65AD19E9}.Release|Any CPU.ActiveCfg = Release|Any CPU
		{2AD196B6-910D-4C0E-91CE-B17B65AD19E9}.Release|Any CPU.Build.0 = Release|Any CPU
	EndGlobalSection
	GlobalSection(SolutionProperties) = preSolution
		HideSolutionNode = FALSE
	EndGlobalSection
	GlobalSection(ExtensibilityGlobals) = postSolution
		SolutionGuid = {DD22AC14-5363-448A-A2E1-D6621978DBCC}
	EndGlobalSection
EndGlobal
